# verifier manifest — sha256␠␠path (sha256sum-compatible)
# Pins files whose silent mutation would weaken protection.
# Change requires docs/reports/VERIFIER_CHANGE_REPORT.md.
dc181b5944f00c1af8961715ca61c99141020ff5e1500c7aaa281600af4836de  scripts/claims_lint.py
377f20df970d1c401a9a1651334dfa7c672cedaf6f20f3cb4f62e0466cda4eae  scripts/provenance_attest.py
66c9ba51141401a7e815c8d3f9942c91d4ec3ef33170a1d8e331b0276d3659ec  scripts/reviewer_attack.sh
00130667f47ba805b0e00242344ebb33568201dc4b3a6c5532d3b8ccd10e688a  scripts/deep_mechanism_audit.sh
0729ba8a71f1da06f544cf087d5eb09e39aa730ea47f6b7e2bd030ae70c262e1  src/ctios/readiness_score.py
18c9d16abd31757b2495d9d7fd5a0d61ac00235716d38e9b5ae82ed9b0d4de2c  src/ctios/external_validation.py
9d604a0f1949988ee9e594c8f1696c3516a428a5fe5a4d0712a0b32514909f6e  src/ctios/artifact_assertions.py
18f56c3cced422d7fd2f5ce44e10389449eae939bf1775b3bca3e8b5d0270ebd  src/ctios/code_quality_audit.py
20bebb62c660a862aec8b24120100898a061426c662593ffecb46be29c8a5480  src/ctios/mechanism_inventory.py
d8ec5c853271b55ce240b79a32e1f5cc760122ec896d3d4b031f743e5cd18ec5  src/ctios/test_value_audit.py
56eca4a04c506d28d9e4e6cb3fca0152c6c81bd4dfeac6b45c8143fb20c87c55  src/ctios/deep_adversarial_probes.py
9fe472dbd196c9c63608c1b3e1bfaf8d07366e98c163c583e2d3cb787425c8e7  src/ctios/supply_chain_audit.py
cc91a08cd576137ed3bdd944d27610180bdb1d5acb1cce34b0f4d6e25230be7b  scripts/audit_workflow_trust.py
7951063dc248777a2e794a9b1e310de31df54f732961e3262b49fc6a383000b6  scripts/verify_ci_deps.py
72255c9303f48704b92a1a3ff4bb6cbae54f1235d99f2605a679245079026582  scripts/audit_release_trust.py
6fab40a6aa77bb23ea2accb1461c21703c235b5c7ad7193911c5e3fb03231f04  scripts/generate_sbom.py
1c0f5a01f251db0e971a4ca575c4e663d2a9ad520724bb74a4763df744399fed  scripts/verify_scorecard_prerequisites.py
280263c87c73484adc70348ebebe25c386e59b899572cca953b44ce960b73104  scripts/check_doc_trust.py
0e1f36c5c37e4d3d0416c215ec0047c6b82cbc9d1f33ab7a1b789feae706e494  scripts/build_doc_trust_audit.py
31602f3a2fd58ff5889421aea07926ef28f70ebe135d87eac3c0f0002a0cd835  tools/check_verifier_manifest_static.py
a797983a042941fc0bac5cf626b8ebb65197b7091c05aee2004d23a4a99a0e8c  .github/workflows/ci.yml
