# verifier manifest — sha256␠␠path (sha256sum-compatible)
# Pins files whose silent mutation would weaken protection.
# Change requires docs/reports/VERIFIER_CHANGE_REPORT.md.
dc181b5944f00c1af8961715ca61c99141020ff5e1500c7aaa281600af4836de  scripts/claims_lint.py
377f20df970d1c401a9a1651334dfa7c672cedaf6f20f3cb4f62e0466cda4eae  scripts/provenance_attest.py
66c9ba51141401a7e815c8d3f9942c91d4ec3ef33170a1d8e331b0276d3659ec  scripts/reviewer_attack.sh
00130667f47ba805b0e00242344ebb33568201dc4b3a6c5532d3b8ccd10e688a  scripts/deep_mechanism_audit.sh
0729ba8a71f1da06f544cf087d5eb09e39aa730ea47f6b7e2bd030ae70c262e1  src/ctios/readiness_score.py
18c9d16abd31757b2495d9d7fd5a0d61ac00235716d38e9b5ae82ed9b0d4de2c  src/ctios/external_validation.py
9d604a0f1949988ee9e594c8f1696c3516a428a5fe5a4d0712a0b32514909f6e  src/ctios/artifact_assertions.py
18f56c3cced422d7fd2f5ce44e10389449eae939bf1775b3bca3e8b5d0270ebd  src/ctios/code_quality_audit.py
20bebb62c660a862aec8b24120100898a061426c662593ffecb46be29c8a5480  src/ctios/mechanism_inventory.py
d8ec5c853271b55ce240b79a32e1f5cc760122ec896d3d4b031f743e5cd18ec5  src/ctios/test_value_audit.py
56eca4a04c506d28d9e4e6cb3fca0152c6c81bd4dfeac6b45c8143fb20c87c55  src/ctios/deep_adversarial_probes.py
31602f3a2fd58ff5889421aea07926ef28f70ebe135d87eac3c0f0002a0cd835  tools/check_verifier_manifest_static.py
b72e41d9e948ced15b23b191150eb14a9da74c5ea13036c059c7df802571d30b  .github/workflows/ci.yml
